{
    "name": "backend-render",
    "version": "1.0.0",
    "lockfileVersion": 3,
    "requires": true,
    "packages": {
        "": {
            "name": "backend-render",
            "version": "1.0.0",
            "dependencies": {
                "cors": "...",
                "dotenv": "...",
                "express": "...",
                "mysql2": "...",
                "reflect-metadata": "...",
                "typeorm": "..."
            },
            "devDependencies": {
                "@types/cors": "...",
                "@types/express": "...",
                "@types/node": "...",
                "tsx": "...",
                "typescript": "..."
            }
        },
        "...": {},
        "node_modules/@types/cors": {
            "resolved": "...",
            "link": true
        },
        "node_modules/@types/express": {
            "resolved": "...",
            "link": true
        },
        "node_modules/@types/node": {
            "resolved": "...",
            "link": true
        },
        "node_modules/cors": {
            "resolved": "...",
            "link": true
        },
        "node_modules/dotenv": {
            "resolved": "...",
            "link": true
        },
        "node_modules/express": {
            "resolved": "...",
            "link": true
        },
        "node_modules/mysql2": {
            "resolved": "...",
            "link": true
        },
        "node_modules/reflect-metadata": {
            "resolved": "...",
            "link": true
        },
        "node_modules/tsx": {
            "resolved": "...",
            "link": true
        },
        "node_modules/typeorm": {
            "resolved": "...",
            "link": true
        },
        "node_modules/typescript": {
            "resolved": "...",
            "link": true
        }
    }
}
